
Microsoft Visual Studio Solution File, Format Version 12.00
# Visual Studio Version 16
VisualStudioVersion = 16.0.29806.167
MinimumVisualStudioVersion = 10.0.40219.1
Project("{FAE04EC0-301F-11D3-BF4B-00C04F79EFBC}") = "Homework-4(Calculator with exceptions)", "Homework-4(Calculator with exceptions)\Homework-4(Calculator with exceptions).csproj", "{9997AEB8-CFDA-45AB-B5B7-D0AD66F0F61C}"
EndProject
Global
	GlobalSection(SolutionConfigurationPlatforms) = preSolution
		Debug|Any CPU = Debug|Any CPU
		Release|Any CPU = Release|Any CPU
	EndGlobalSection
	GlobalSection(ProjectConfigurationPlatforms) = postSolution
		{9997AEB8-CFDA-45AB-B5B7-D0AD66F0F61C}.Debug|Any CPU.ActiveCfg = Debug|Any CPU
		{9997AEB8-CFDA-45AB-B5B7-D0AD66F0F61C}.Debug|Any CPU.Build.0 = Debug|Any CPU
		{9997AEB8-CFDA-45AB-B5B7-D0AD66F0F61C}.Release|Any CPU.ActiveCfg = Release|Any CPU
		{9997AEB8-CFDA-45AB-B5B7-D0AD66F0F61C}.Release|Any CPU.Build.0 = Release|Any CPU
	EndGlobalSection
	GlobalSection(SolutionProperties) = preSolution
		HideSolutionNode = FALSE
	EndGlobalSection
	GlobalSection(ExtensibilityGlobals) = postSolution
		SolutionGuid = {7B27D698-944F-4D89-B574-B2F6619C67D3}
	EndGlobalSection
EndGlobal
